// !$*UTF8*$!
{
	archiveVersion = 1;
	classes = {
	};
	objectVersion = 77;
	objects = {

/* Begin PBXBuildFile section */
		AE8766C92DD3495D00C24765 /* AppDelegate.swift in Sources */ = {isa = PBXBuildFile; fileRef = AE8766BF2DD3495D00C24765 /* AppDelegate.swift */; };
		AE8766CA2DD3495D00C24765 /* SceneDelegate.swift in Sources */ = {isa = PBXBuildFile; fileRef = AE8766C62DD3495D00C24765 /* SceneDelegate.swift */; };
		AE8766CB2DD3495D00C24765 /* WeatherViewController.swift in Sources */ = {isa = PBXBuildFile; fileRef = AE8766C72DD3495D00C24765 /* WeatherViewController.swift */; };
		AE8766CC2DD3495D00C24765 /* Assets.xcassets in Resources */ = {isa = PBXBuildFile; fileRef = AE8766C02DD3495D00C24765 /* Assets.xcassets */; };
		AE8766CE2DD3495D00C24765 /* LaunchScreen.storyboard in Resources */ = {isa = PBXBuildFile; fileRef = AE8766C32DD3495D00C24765 /* LaunchScreen.storyboard */; };
		AE8766D22DD34C6600C24765 /* WeatherViewProtocol.swift in Sources */ = {isa = PBXBuildFile; fileRef = AE8766D12DD34C6600C24765 /* WeatherViewProtocol.swift */; };
		AE8766D42DD34CB200C24765 /* WeatherPresenterProtocol.swift in Sources */ = {isa = PBXBuildFile; fileRef = AE8766D32DD34CB200C24765 /* WeatherPresenterProtocol.swift */; };
		AE8766D62DD34CD900C24765 /* WeatherInteractorInputProtocol.swift in Sources */ = {isa = PBXBuildFile; fileRef = AE8766D52DD34CD900C24765 /* WeatherInteractorInputProtocol.swift */; };
		AE8766D82DD34D4A00C24765 /* WeatherInteractorOutputProtocol.swift in Sources */ = {isa = PBXBuildFile; fileRef = AE8766D72DD34D4A00C24765 /* WeatherInteractorOutputProtocol.swift */; };
		AE8766DA2DD34D5E00C24765 /* WeatherRouterProtocol.swift in Sources */ = {isa = PBXBuildFile; fileRef = AE8766D92DD34D5E00C24765 /* WeatherRouterProtocol.swift */; };
		AE8766DC2DD34F0000C24765 /* LocationCoordinate.swift in Sources */ = {isa = PBXBuildFile; fileRef = AE8766DB2DD34F0000C24765 /* LocationCoordinate.swift */; };
		AE8766E22DD3506600C24765 /* WeatherResponseData.swift in Sources */ = {isa = PBXBuildFile; fileRef = AE8766E12DD3506600C24765 /* WeatherResponseData.swift */; };
		AE8766E72DD358A800C24765 /* WeatherInteractor.swift in Sources */ = {isa = PBXBuildFile; fileRef = AE8766E62DD358A800C24765 /* WeatherInteractor.swift */; };
		AE8766EA2DD358F500C24765 /* NetworkServiceProtocol.swift in Sources */ = {isa = PBXBuildFile; fileRef = AE8766E92DD358F500C24765 /* NetworkServiceProtocol.swift */; };
		AE8766EC2DD3590400C24765 /* NetworkService.swift in Sources */ = {isa = PBXBuildFile; fileRef = AE8766EB2DD3590400C24765 /* NetworkService.swift */; };
		AE8766EE2DD35A1D00C24765 /* WeatherPresenter.swift in Sources */ = {isa = PBXBuildFile; fileRef = AE8766ED2DD35A1D00C24765 /* WeatherPresenter.swift */; };
		AE8766F02DD35A5100C24765 /* LocationManager.swift in Sources */ = {isa = PBXBuildFile; fileRef = AE8766EF2DD35A5100C24765 /* LocationManager.swift */; };
		AE8766F42DD35CDF00C24765 /* WeatherRouter.swift in Sources */ = {isa = PBXBuildFile; fileRef = AE8766F32DD35CDF00C24765 /* WeatherRouter.swift */; };
		AE8766F82DD3CB6D00C24765 /* String+Date.swift in Sources */ = {isa = PBXBuildFile; fileRef = AE8766F72DD3CB6D00C24765 /* String+Date.swift */; };
		AE8766FA2DD486FB00C24765 /* CurrentWeatherCell.swift in Sources */ = {isa = PBXBuildFile; fileRef = AE8766F92DD486FB00C24765 /* CurrentWeatherCell.swift */; };
		AE8766FC2DD4873D00C24765 /* HourlyForecastCell.swift in Sources */ = {isa = PBXBuildFile; fileRef = AE8766FB2DD4873D00C24765 /* HourlyForecastCell.swift */; };
		AE8767002DD4887700C24765 /* DailyForecastCell.swift in Sources */ = {isa = PBXBuildFile; fileRef = AE8766FF2DD4887700C24765 /* DailyForecastCell.swift */; };
		AE8767042DD48C1400C24765 /* Kingfisher in Frameworks */ = {isa = PBXBuildFile; productRef = AE8767032DD48C1400C24765 /* Kingfisher */; };
		AE8767062DD49C7700C24765 /* HourlyForecastRowCell.swift in Sources */ = {isa = PBXBuildFile; fileRef = AE8767052DD49C7700C24765 /* HourlyForecastRowCell.swift */; };
/* End PBXBuildFile section */

/* Begin PBXFileReference section */
		AE8766622DD3434600C24765 /* WhetherApi.app */ = {isa = PBXFileReference; explicitFileType = wrapper.application; includeInIndex = 0; path = WhetherApi.app; sourceTree = BUILT_PRODUCTS_DIR; };
		AE8766BF2DD3495D00C24765 /* AppDelegate.swift */ = {isa = PBXFileReference; lastKnownFileType = sourcecode.swift; path = AppDelegate.swift; sourceTree = "<group>"; };
		AE8766C02DD3495D00C24765 /* Assets.xcassets */ = {isa = PBXFileReference; lastKnownFileType = folder.assetcatalog; path = Assets.xcassets; sourceTree = "<group>"; };
		AE8766C12DD3495D00C24765 /* Info.plist */ = {isa = PBXFileReference; lastKnownFileType = text.plist.xml; path = Info.plist; sourceTree = "<group>"; };
		AE8766C22DD3495D00C24765 /* Base */ = {isa = PBXFileReference; lastKnownFileType = file.storyboard; name = Base; path = Base.lproj/LaunchScreen.storyboard; sourceTree = "<group>"; };
		AE8766C62DD3495D00C24765 /* SceneDelegate.swift */ = {isa = PBXFileReference; lastKnownFileType = sourcecode.swift; path = SceneDelegate.swift; sourceTree = "<group>"; };
		AE8766C72DD3495D00C24765 /* WeatherViewController.swift */ = {isa = PBXFileReference; lastKnownFileType = sourcecode.swift; path = WeatherViewController.swift; sourceTree = "<group>"; };
		AE8766D12DD34C6600C24765 /* WeatherViewProtocol.swift */ = {isa = PBXFileReference; lastKnownFileType = sourcecode.swift; path = WeatherViewProtocol.swift; sourceTree = "<group>"; };
		AE8766D32DD34CB200C24765 /* WeatherPresenterProtocol.swift */ = {isa = PBXFileReference; lastKnownFileType = sourcecode.swift; path = WeatherPresenterProtocol.swift; sourceTree = "<group>"; };
		AE8766D52DD34CD900C24765 /* WeatherInteractorInputProtocol.swift */ = {isa = PBXFileReference; lastKnownFileType = sourcecode.swift; path = WeatherInteractorInputProtocol.swift; sourceTree = "<group>"; };
		AE8766D72DD34D4A00C24765 /* WeatherInteractorOutputProtocol.swift */ = {isa = PBXFileReference; lastKnownFileType = sourcecode.swift; path = WeatherInteractorOutputProtocol.swift; sourceTree = "<group>"; };
		AE8766D92DD34D5E00C24765 /* WeatherRouterProtocol.swift */ = {isa = PBXFileReference; lastKnownFileType = sourcecode.swift; path = WeatherRouterProtocol.swift; sourceTree = "<group>"; };
		AE8766DB2DD34F0000C24765 /* LocationCoordinate.swift */ = {isa = PBXFileReference; lastKnownFileType = sourcecode.swift; path = LocationCoordinate.swift; sourceTree = "<group>"; };
		AE8766E12DD3506600C24765 /* WeatherResponseData.swift */ = {isa = PBXFileReference; lastKnownFileType = sourcecode.swift; path = WeatherResponseData.swift; sourceTree = "<group>"; };
		AE8766E62DD358A800C24765 /* WeatherInteractor.swift */ = {isa = PBXFileReference; lastKnownFileType = sourcecode.swift; path = WeatherInteractor.swift; sourceTree = "<group>"; };
		AE8766E92DD358F500C24765 /* NetworkServiceProtocol.swift */ = {isa = PBXFileReference; lastKnownFileType = sourcecode.swift; path = NetworkServiceProtocol.swift; sourceTree = "<group>"; };
		AE8766EB2DD3590400C24765 /* NetworkService.swift */ = {isa = PBXFileReference; lastKnownFileType = sourcecode.swift; path = NetworkService.swift; sourceTree = "<group>"; };
		AE8766ED2DD35A1D00C24765 /* WeatherPresenter.swift */ = {isa = PBXFileReference; lastKnownFileType = sourcecode.swift; path = WeatherPresenter.swift; sourceTree = "<group>"; };
		AE8766EF2DD35A5100C24765 /* LocationManager.swift */ = {isa = PBXFileReference; lastKnownFileType = sourcecode.swift; path = LocationManager.swift; sourceTree = "<group>"; };
		AE8766F32DD35CDF00C24765 /* WeatherRouter.swift */ = {isa = PBXFileReference; lastKnownFileType = sourcecode.swift; path = WeatherRouter.swift; sourceTree = "<group>"; };
		AE8766F72DD3CB6D00C24765 /* String+Date.swift */ = {isa = PBXFileReference; lastKnownFileType = sourcecode.swift; path = "String+Date.swift"; sourceTree = "<group>"; };
		AE8766F92DD486FB00C24765 /* CurrentWeatherCell.swift */ = {isa = PBXFileReference; lastKnownFileType = sourcecode.swift; path = CurrentWeatherCell.swift; sourceTree = "<group>"; };
		AE8766FB2DD4873D00C24765 /* HourlyForecastCell.swift */ = {isa = PBXFileReference; lastKnownFileType = sourcecode.swift; path = HourlyForecastCell.swift; sourceTree = "<group>"; };
		AE8766FF2DD4887700C24765 /* DailyForecastCell.swift */ = {isa = PBXFileReference; lastKnownFileType = sourcecode.swift; path = DailyForecastCell.swift; sourceTree = "<group>"; };
		AE8767052DD49C7700C24765 /* HourlyForecastRowCell.swift */ = {isa = PBXFileReference; lastKnownFileType = sourcecode.swift; path = HourlyForecastRowCell.swift; sourceTree = "<group>"; };
/* End PBXFileReference section */

/* Begin PBXFrameworksBuildPhase section */
		AE87665F2DD3434600C24765 /* Frameworks */ = {
			isa = PBXFrameworksBuildPhase;
			buildActionMask = 2147483647;
			files = (
				AE8767042DD48C1400C24765 /* Kingfisher in Frameworks */,
			);
			runOnlyForDeploymentPostprocessing = 0;
		};
/* End PBXFrameworksBuildPhase section */

/* Begin PBXGroup section */
		AE8766592DD3434600C24765 = {
			isa = PBXGroup;
			children = (
				AE8766C82DD3495D00C24765 /* WhetherApi */,
				AE8766632DD3434600C24765 /* Products */,
			);
			sourceTree = "<group>";
		};
		AE8766632DD3434600C24765 /* Products */ = {
			isa = PBXGroup;
			children = (
				AE8766622DD3434600C24765 /* WhetherApi.app */,
			);
			name = Products;
			sourceTree = "<group>";
		};
		AE8766C82DD3495D00C24765 /* WhetherApi */ = {
			isa = PBXGroup;
			children = (
				AE8766BF2DD3495D00C24765 /* AppDelegate.swift */,
				AE8766C62DD3495D00C24765 /* SceneDelegate.swift */,
				AE87670C2DD4A73900C24765 /* Extension */,
				AE8766E82DD358E100C24765 /* Services */,
				AE8767072DD4A57A00C24765 /* View */,
				AE8767092DD4A63200C24765 /* Interactor */,
				AE87670A2DD4A6F800C24765 /* Presenter */,
				AE8766E32DD3508400C24765 /* Entities */,
				AE87670B2DD4A71600C24765 /* Router */,
				AE8766D02DD3498E00C24765 /* Resources */,
				AE8766C12DD3495D00C24765 /* Info.plist */,
			);
			path = WhetherApi;
			sourceTree = "<group>";
		};
		AE8766D02DD3498E00C24765 /* Resources */ = {
			isa = PBXGroup;
			children = (
				AE8766C32DD3495D00C24765 /* LaunchScreen.storyboard */,
				AE8766C02DD3495D00C24765 /* Assets.xcassets */,
			);
			path = Resources;
			sourceTree = "<group>";
		};
		AE8766E32DD3508400C24765 /* Entities */ = {
			isa = PBXGroup;
			children = (
				AE8766DB2DD34F0000C24765 /* LocationCoordinate.swift */,
				AE8766E12DD3506600C24765 /* WeatherResponseData.swift */,
			);
			path = Entities;
			sourceTree = "<group>";
		};
		AE8766E82DD358E100C24765 /* Services */ = {
			isa = PBXGroup;
			children = (
				AE8766E92DD358F500C24765 /* NetworkServiceProtocol.swift */,
				AE8766EB2DD3590400C24765 /* NetworkService.swift */,
				AE8766EF2DD35A5100C24765 /* LocationManager.swift */,
			);
			path = Services;
			sourceTree = "<group>";
		};
		AE8767072DD4A57A00C24765 /* View */ = {
			isa = PBXGroup;
			children = (
				AE8767082DD4A59500C24765 /* Cells */,
				AE8766D12DD34C6600C24765 /* WeatherViewProtocol.swift */,
				AE8766C72DD3495D00C24765 /* WeatherViewController.swift */,
			);
			path = View;
			sourceTree = "<group>";
		};
		AE8767082DD4A59500C24765 /* Cells */ = {
			isa = PBXGroup;
			children = (
				AE8766F92DD486FB00C24765 /* CurrentWeatherCell.swift */,
				AE8766FB2DD4873D00C24765 /* HourlyForecastCell.swift */,
				AE8767052DD49C7700C24765 /* HourlyForecastRowCell.swift */,
				AE8766FF2DD4887700C24765 /* DailyForecastCell.swift */,
			);
			path = Cells;
			sourceTree = "<group>";
		};
		AE8767092DD4A63200C24765 /* Interactor */ = {
			isa = PBXGroup;
			children = (
				AE8766D52DD34CD900C24765 /* WeatherInteractorInputProtocol.swift */,
				AE8766D72DD34D4A00C24765 /* WeatherInteractorOutputProtocol.swift */,
				AE8766E62DD358A800C24765 /* WeatherInteractor.swift */,
			);
			path = Interactor;
			sourceTree = "<group>";
		};
		AE87670A2DD4A6F800C24765 /* Presenter */ = {
			isa = PBXGroup;
			children = (
				AE8766D32DD34CB200C24765 /* WeatherPresenterProtocol.swift */,
				AE8766ED2DD35A1D00C24765 /* WeatherPresenter.swift */,
			);
			path = Presenter;
			sourceTree = "<group>";
		};
		AE87670B2DD4A71600C24765 /* Router */ = {
			isa = PBXGroup;
			children = (
				AE8766D92DD34D5E00C24765 /* WeatherRouterProtocol.swift */,
				AE8766F32DD35CDF00C24765 /* WeatherRouter.swift */,
			);
			path = Router;
			sourceTree = "<group>";
		};
		AE87670C2DD4A73900C24765 /* Extension */ = {
			isa = PBXGroup;
			children = (
				AE8766F72DD3CB6D00C24765 /* String+Date.swift */,
			);
			path = Extension;
			sourceTree = "<group>";
		};
/* End PBXGroup section */

/* Begin PBXNativeTarget section */
		AE8766612DD3434600C24765 /* WhetherApi */ = {
			isa = PBXNativeTarget;
			buildConfigurationList = AE8766752DD3434700C24765 /* Build configuration list for PBXNativeTarget "WhetherApi" */;
			buildPhases = (
				AE87665E2DD3434600C24765 /* Sources */,
				AE87665F2DD3434600C24765 /* Frameworks */,
				AE8766602DD3434600C24765 /* Resources */,
			);
			buildRules = (
			);
			dependencies = (
			);
			name = WhetherApi;
			packageProductDependencies = (
				AE8767032DD48C1400C24765 /* Kingfisher */,
			);
			productName = WhetherApi;
			productReference = AE8766622DD3434600C24765 /* WhetherApi.app */;
			productType = "com.apple.product-type.application";
		};
/* End PBXNativeTarget section */

/* Begin PBXProject section */
		AE87665A2DD3434600C24765 /* Project object */ = {
			isa = PBXProject;
			attributes = {
				BuildIndependentTargetsInParallel = 1;
				LastSwiftUpdateCheck = 1620;
				LastUpgradeCheck = 1620;
				TargetAttributes = {
					AE8766612DD3434600C24765 = {
						CreatedOnToolsVersion = 16.2;
					};
				};
			};
			buildConfigurationList = AE87665D2DD3434600C24765 /* Build configuration list for PBXProject "WhetherApi" */;
			developmentRegion = en;
			hasScannedForEncodings = 0;
			knownRegions = (
				en,
				Base,
			);
			mainGroup = AE8766592DD3434600C24765;
			minimizedProjectReferenceProxies = 1;
			packageReferences = (
				AE8767022DD48C1300C24765 /* XCRemoteSwiftPackageReference "Kingfisher" */,
			);
			preferredProjectObjectVersion = 77;
			productRefGroup = AE8766632DD3434600C24765 /* Products */;
			projectDirPath = "";
			projectRoot = "";
			targets = (
				AE8766612DD3434600C24765 /* WhetherApi */,
			);
		};
/* End PBXProject section */

/* Begin PBXResourcesBuildPhase section */
		AE8766602DD3434600C24765 /* Resources */ = {
			isa = PBXResourcesBuildPhase;
			buildActionMask = 2147483647;
			files = (
				AE8766CC2DD3495D00C24765 /* Assets.xcassets in Resources */,
				AE8766CE2DD3495D00C24765 /* LaunchScreen.storyboard in Resources */,
			);
			runOnlyForDeploymentPostprocessing = 0;
		};
/* End PBXResourcesBuildPhase section */

/* Begin PBXSourcesBuildPhase section */
		AE87665E2DD3434600C24765 /* Sources */ = {
			isa = PBXSourcesBuildPhase;
			buildActionMask = 2147483647;
			files = (
				AE8766D62DD34CD900C24765 /* WeatherInteractorInputProtocol.swift in Sources */,
				AE8766FC2DD4873D00C24765 /* HourlyForecastCell.swift in Sources */,
				AE8766DA2DD34D5E00C24765 /* WeatherRouterProtocol.swift in Sources */,
				AE8766D42DD34CB200C24765 /* WeatherPresenterProtocol.swift in Sources */,
				AE8766EA2DD358F500C24765 /* NetworkServiceProtocol.swift in Sources */,
				AE8766C92DD3495D00C24765 /* AppDelegate.swift in Sources */,
				AE8767002DD4887700C24765 /* DailyForecastCell.swift in Sources */,
				AE8766FA2DD486FB00C24765 /* CurrentWeatherCell.swift in Sources */,
				AE8766EC2DD3590400C24765 /* NetworkService.swift in Sources */,
				AE8767062DD49C7700C24765 /* HourlyForecastRowCell.swift in Sources */,
				AE8766D22DD34C6600C24765 /* WeatherViewProtocol.swift in Sources */,
				AE8766F02DD35A5100C24765 /* LocationManager.swift in Sources */,
				AE8766CA2DD3495D00C24765 /* SceneDelegate.swift in Sources */,
				AE8766F42DD35CDF00C24765 /* WeatherRouter.swift in Sources */,
				AE8766EE2DD35A1D00C24765 /* WeatherPresenter.swift in Sources */,
				AE8766E22DD3506600C24765 /* WeatherResponseData.swift in Sources */,
				AE8766CB2DD3495D00C24765 /* WeatherViewController.swift in Sources */,
				AE8766DC2DD34F0000C24765 /* LocationCoordinate.swift in Sources */,
				AE8766D82DD34D4A00C24765 /* WeatherInteractorOutputProtocol.swift in Sources */,
				AE8766F82DD3CB6D00C24765 /* String+Date.swift in Sources */,
				AE8766E72DD358A800C24765 /* WeatherInteractor.swift in Sources */,
			);
			runOnlyForDeploymentPostprocessing = 0;
		};
/* End PBXSourcesBuildPhase section */

/* Begin PBXVariantGroup section */
		AE8766C32DD3495D00C24765 /* LaunchScreen.storyboard */ = {
			isa = PBXVariantGroup;
			children = (
				AE8766C22DD3495D00C24765 /* Base */,
			);
			name = LaunchScreen.storyboard;
			sourceTree = "<group>";
		};
/* End PBXVariantGroup section */

/* Begin XCBuildConfiguration section */
		AE8766762DD3434700C24765 /* Debug */ = {
			isa = XCBuildConfiguration;
			buildSettings = {
				ASSETCATALOG_COMPILER_APPICON_NAME = AppIcon;
				ASSETCATALOG_COMPILER_GLOBAL_ACCENT_COLOR_NAME = AccentColor;
				CODE_SIGN_STYLE = Automatic;
				CURRENT_PROJECT_VERSION = 1;
				DEVELOPMENT_TEAM = 9Y94J8V38R;
				GENERATE_INFOPLIST_FILE = YES;
				INFOPLIST_FILE = WhetherApi/Info.plist;
				INFOPLIST_KEY_UIApplicationSupportsIndirectInputEvents = YES;
				INFOPLIST_KEY_UILaunchStoryboardName = LaunchScreen;
				INFOPLIST_KEY_UISupportedInterfaceOrientations = UIInterfaceOrientationPortrait;
				INFOPLIST_KEY_UISupportedInterfaceOrientations_iPad = "UIInterfaceOrientationLandscapeLeft UIInterfaceOrientationLandscapeRight UIInterfaceOrientationPortrait UIInterfaceOrientationPortraitUpsideDown";
				LD_RUNPATH_SEARCH_PATHS = (
					"$(inherited)",
					"@executable_path/Frameworks",
				);
				MARKETING_VERSION = 1.0;
				PRODUCT_BUNDLE_IDENTIFIER = com.aleksandrVorobei.carControl.WhetherApi;
				PRODUCT_NAME = "$(TARGET_NAME)";
				SWIFT_EMIT_LOC_STRINGS = YES;
				SWIFT_VERSION = 5.0;
				TARGETED_DEVICE_FAMILY = "1,2";
			};
			name = Debug;
		};
		AE8766772DD3434700C24765 /* Release */ = {
			isa = XCBuildConfiguration;
			buildSettings = {
				ASSETCATALOG_COMPILER_APPICON_NAME = AppIcon;
				ASSETCATALOG_COMPILER_GLOBAL_ACCENT_COLOR_NAME = AccentColor;
				CODE_SIGN_STYLE = Automatic;
				CURRENT_PROJECT_VERSION = 1;
				DEVELOPMENT_TEAM = 9Y94J8V38R;
				GENERATE_INFOPLIST_FILE = YES;
				INFOPLIST_FILE = WhetherApi/Info.plist;
				INFOPLIST_KEY_UIApplicationSupportsIndirectInputEvents = YES;
				INFOPLIST_KEY_UILaunchStoryboardName = LaunchScreen;
				INFOPLIST_KEY_UISupportedInterfaceOrientations = UIInterfaceOrientationPortrait;
				INFOPLIST_KEY_UISupportedInterfaceOrientations_iPad = "UIInterfaceOrientationLandscapeLeft UIInterfaceOrientationLandscapeRight UIInterfaceOrientationPortrait UIInterfaceOrientationPortraitUpsideDown";
				LD_RUNPATH_SEARCH_PATHS = (
					"$(inherited)",
					"@executable_path/Frameworks",
				);
				MARKETING_VERSION = 1.0;
				PRODUCT_BUNDLE_IDENTIFIER = com.aleksandrVorobei.carControl.WhetherApi;
				PRODUCT_NAME = "$(TARGET_NAME)";
				SWIFT_EMIT_LOC_STRINGS = YES;
				SWIFT_VERSION = 5.0;
				TARGETED_DEVICE_FAMILY = "1,2";
			};
			name = Release;
		};
		AE8766782DD3434700C24765 /* Debug */ = {
			isa = XCBuildConfiguration;
			buildSettings = {
				ALWAYS_SEARCH_USER_PATHS = NO;
				ASSETCATALOG_COMPILER_GENERATE_SWIFT_ASSET_SYMBOL_EXTENSIONS = YES;
				CLANG_ANALYZER_NONNULL = YES;
				CLANG_ANALYZER_NUMBER_OBJECT_CONVERSION = YES_AGGRESSIVE;
				CLANG_CXX_LANGUAGE_STANDARD = "gnu++20";
				CLANG_ENABLE_MODULES = YES;
				CLANG_ENABLE_OBJC_ARC = YES;
				CLANG_ENABLE_OBJC_WEAK = YES;
				CLANG_WARN_BLOCK_CAPTURE_AUTORELEASING = YES;
				CLANG_WARN_BOOL_CONVERSION = YES;
				CLANG_WARN_COMMA = YES;
				CLANG_WARN_CONSTANT_CONVERSION = YES;
				CLANG_WARN_DEPRECATED_OBJC_IMPLEMENTATIONS = YES;
				CLANG_WARN_DIRECT_OBJC_ISA_USAGE = YES_ERROR;
				CLANG_WARN_DOCUMENTATION_COMMENTS = YES;
				CLANG_WARN_EMPTY_BODY = YES;
				CLANG_WARN_ENUM_CONVERSION = YES;
				CLANG_WARN_INFINITE_RECURSION = YES;
				CLANG_WARN_INT_CONVERSION = YES;
				CLANG_WARN_NON_LITERAL_NULL_CONVERSION = YES;
				CLANG_WARN_OBJC_IMPLICIT_RETAIN_SELF = YES;
				CLANG_WARN_OBJC_LITERAL_CONVERSION = YES;
				CLANG_WARN_OBJC_ROOT_CLASS = YES_ERROR;
				CLANG_WARN_QUOTED_INCLUDE_IN_FRAMEWORK_HEADER = YES;
				CLANG_WARN_RANGE_LOOP_ANALYSIS = YES;
				CLANG_WARN_STRICT_PROTOTYPES = YES;
				CLANG_WARN_SUSPICIOUS_MOVE = YES;
				CLANG_WARN_UNGUARDED_AVAILABILITY = YES_AGGRESSIVE;
				CLANG_WARN_UNREACHABLE_CODE = YES;
				CLANG_WARN__DUPLICATE_METHOD_MATCH = YES;
				COPY_PHASE_STRIP = NO;
				DEBUG_INFORMATION_FORMAT = dwarf;
				ENABLE_STRICT_OBJC_MSGSEND = YES;
				ENABLE_TESTABILITY = YES;
				ENABLE_USER_SCRIPT_SANDBOXING = YES;
				GCC_C_LANGUAGE_STANDARD = gnu17;
				GCC_DYNAMIC_NO_PIC = NO;
				GCC_NO_COMMON_BLOCKS = YES;
				GCC_OPTIMIZATION_LEVEL = 0;
				GCC_PREPROCESSOR_DEFINITIONS = (
					"DEBUG=1",
					"$(inherited)",
				);
				GCC_WARN_64_TO_32_BIT_CONVERSION = YES;
				GCC_WARN_ABOUT_RETURN_TYPE = YES_ERROR;
				GCC_WARN_UNDECLARED_SELECTOR = YES;
				GCC_WARN_UNINITIALIZED_AUTOS = YES_AGGRESSIVE;
				GCC_WARN_UNUSED_FUNCTION = YES;
				GCC_WARN_UNUSED_VARIABLE = YES;
				IPHONEOS_DEPLOYMENT_TARGET = 18.2;
				LOCALIZATION_PREFERS_STRING_CATALOGS = YES;
				MTL_ENABLE_DEBUG_INFO = INCLUDE_SOURCE;
				MTL_FAST_MATH = YES;
				ONLY_ACTIVE_ARCH = YES;
				SDKROOT = iphoneos;
				SWIFT_ACTIVE_COMPILATION_CONDITIONS = "DEBUG $(inherited)";
				SWIFT_OPTIMIZATION_LEVEL = "-Onone";
			};
			name = Debug;
		};
		AE8766792DD3434700C24765 /* Release */ = {
			isa = XCBuildConfiguration;
			buildSettings = {
				ALWAYS_SEARCH_USER_PATHS = NO;
				ASSETCATALOG_COMPILER_GENERATE_SWIFT_ASSET_SYMBOL_EXTENSIONS = YES;
				CLANG_ANALYZER_NONNULL = YES;
				CLANG_ANALYZER_NUMBER_OBJECT_CONVERSION = YES_AGGRESSIVE;
				CLANG_CXX_LANGUAGE_STANDARD = "gnu++20";
				CLANG_ENABLE_MODULES = YES;
				CLANG_ENABLE_OBJC_ARC = YES;
				CLANG_ENABLE_OBJC_WEAK = YES;
				CLANG_WARN_BLOCK_CAPTURE_AUTORELEASING = YES;
				CLANG_WARN_BOOL_CONVERSION = YES;
				CLANG_WARN_COMMA = YES;
				CLANG_WARN_CONSTANT_CONVERSION = YES;
				CLANG_WARN_DEPRECATED_OBJC_IMPLEMENTATIONS = YES;
				CLANG_WARN_DIRECT_OBJC_ISA_USAGE = YES_ERROR;
				CLANG_WARN_DOCUMENTATION_COMMENTS = YES;
				CLANG_WARN_EMPTY_BODY = YES;
				CLANG_WARN_ENUM_CONVERSION = YES;
				CLANG_WARN_INFINITE_RECURSION = YES;
				CLANG_WARN_INT_CONVERSION = YES;
				CLANG_WARN_NON_LITERAL_NULL_CONVERSION = YES;
				CLANG_WARN_OBJC_IMPLICIT_RETAIN_SELF = YES;
				CLANG_WARN_OBJC_LITERAL_CONVERSION = YES;
				CLANG_WARN_OBJC_ROOT_CLASS = YES_ERROR;
				CLANG_WARN_QUOTED_INCLUDE_IN_FRAMEWORK_HEADER = YES;
				CLANG_WARN_RANGE_LOOP_ANALYSIS = YES;
				CLANG_WARN_STRICT_PROTOTYPES = YES;
				CLANG_WARN_SUSPICIOUS_MOVE = YES;
				CLANG_WARN_UNGUARDED_AVAILABILITY = YES_AGGRESSIVE;
				CLANG_WARN_UNREACHABLE_CODE = YES;
				CLANG_WARN__DUPLICATE_METHOD_MATCH = YES;
				COPY_PHASE_STRIP = NO;
				DEBUG_INFORMATION_FORMAT = "dwarf-with-dsym";
				ENABLE_NS_ASSERTIONS = NO;
				ENABLE_STRICT_OBJC_MSGSEND = YES;
				ENABLE_USER_SCRIPT_SANDBOXING = YES;
				GCC_C_LANGUAGE_STANDARD = gnu17;
				GCC_NO_COMMON_BLOCKS = YES;
				GCC_WARN_64_TO_32_BIT_CONVERSION = YES;
				GCC_WARN_ABOUT_RETURN_TYPE = YES_ERROR;
				GCC_WARN_UNDECLARED_SELECTOR = YES;
				GCC_WARN_UNINITIALIZED_AUTOS = YES_AGGRESSIVE;
				GCC_WARN_UNUSED_FUNCTION = YES;
				GCC_WARN_UNUSED_VARIABLE = YES;
				IPHONEOS_DEPLOYMENT_TARGET = 18.2;
				LOCALIZATION_PREFERS_STRING_CATALOGS = YES;
				MTL_ENABLE_DEBUG_INFO = NO;
				MTL_FAST_MATH = YES;
				SDKROOT = iphoneos;
				SWIFT_COMPILATION_MODE = wholemodule;
				VALIDATE_PRODUCT = YES;
			};
			name = Release;
		};
/* End XCBuildConfiguration section */

/* Begin XCConfigurationList section */
		AE87665D2DD3434600C24765 /* Build configuration list for PBXProject "WhetherApi" */ = {
			isa = XCConfigurationList;
			buildConfigurations = (
				AE8766782DD3434700C24765 /* Debug */,
				AE8766792DD3434700C24765 /* Release */,
			);
			defaultConfigurationIsVisible = 0;
			defaultConfigurationName = Release;
		};
		AE8766752DD3434700C24765 /* Build configuration list for PBXNativeTarget "WhetherApi" */ = {
			isa = XCConfigurationList;
			buildConfigurations = (
				AE8766762DD3434700C24765 /* Debug */,
				AE8766772DD3434700C24765 /* Release */,
			);
			defaultConfigurationIsVisible = 0;
			defaultConfigurationName = Release;
		};
/* End XCConfigurationList section */

/* Begin XCRemoteSwiftPackageReference section */
		AE8767022DD48C1300C24765 /* XCRemoteSwiftPackageReference "Kingfisher" */ = {
			isa = XCRemoteSwiftPackageReference;
			repositoryURL = "https://github.com/onevcat/Kingfisher.git";
			requirement = {
				kind = upToNextMajorVersion;
				minimumVersion = 8.3.2;
			};
		};
/* End XCRemoteSwiftPackageReference section */

/* Begin XCSwiftPackageProductDependency section */
		AE8767032DD48C1400C24765 /* Kingfisher */ = {
			isa = XCSwiftPackageProductDependency;
			package = AE8767022DD48C1300C24765 /* XCRemoteSwiftPackageReference "Kingfisher" */;
			productName = Kingfisher;
		};
/* End XCSwiftPackageProductDependency section */
	};
	rootObject = AE87665A2DD3434600C24765 /* Project object */;
}
